
Microsoft Visual Studio Solution File, Format Version 12.00
# Visual Studio Version 16
VisualStudioVersion = 16.0.31729.503
MinimumVisualStudioVersion = 10.0.40219.1
Project("{9A19103F-16F7-4668-BE54-9A1E7A4F7556}") = "exercicio_3", "exercicios_3\exercicio_3.csproj", "{764FDE22-2FDA-43B9-AAE9-89951C5118D6}"
EndProject
Global
	GlobalSection(SolutionConfigurationPlatforms) = preSolution
		Debug|Any CPU = Debug|Any CPU
		Release|Any CPU = Release|Any CPU
	EndGlobalSection
	GlobalSection(ProjectConfigurationPlatforms) = postSolution
		{764FDE22-2FDA-43B9-AAE9-89951C5118D6}.Debug|Any CPU.ActiveCfg = Debug|Any CPU
		{764FDE22-2FDA-43B9-AAE9-89951C5118D6}.Debug|Any CPU.Build.0 = Debug|Any CPU
		{764FDE22-2FDA-43B9-AAE9-89951C5118D6}.Release|Any CPU.ActiveCfg = Release|Any CPU
		{764FDE22-2FDA-43B9-AAE9-89951C5118D6}.Release|Any CPU.Build.0 = Release|Any CPU
	EndGlobalSection
	GlobalSection(SolutionProperties) = preSolution
		HideSolutionNode = FALSE
	EndGlobalSection
	GlobalSection(ExtensibilityGlobals) = postSolution
		SolutionGuid = {A4F0F6A3-F702-4253-A7FF-A0E810CA7C1F}
	EndGlobalSection
EndGlobal
